
Microsoft Visual Studio Solution File, Format Version 12.00
# Visual Studio 14
VisualStudioVersion = 14.0.24720.0
MinimumVisualStudioVersion = 10.0.40219.1
Project("{FAE04EC0-301F-11D3-BF4B-00C04F79EFBC}") = "EFWCoreLib.CoreFrame", "EFWCoreLib.CoreFrame\EFWCoreLib.CoreFrame.csproj", "{B3F41C24-1A64-4995-9398-812789014BD7}"
EndProject
Project("{FAE04EC0-301F-11D3-BF4B-00C04F79EFBC}") = "EFWCoreLib.WcfFrame", "EFWCoreLib.WcfFrame\EFWCoreLib.WcfFrame.csproj", "{CACAFDBF-9B17-403A-A3CA-C123A94E2C19}"
EndProject
Project("{FAE04EC0-301F-11D3-BF4B-00C04F79EFBC}") = "EFWCoreLib.WebFrame", "EFWCoreLib.WebFrame\EFWCoreLib.WebFrame.csproj", "{9B1989B8-07A7-46CC-B196-56A085C22DD6}"
EndProject
Project("{FAE04EC0-301F-11D3-BF4B-00C04F79EFBC}") = "EFWCoreLib.WinformFrame", "EFWCoreLib.WinformFrame\EFWCoreLib.WinformFrame.csproj", "{03596414-2345-4BBA-994B-90EEF4DEC428}"
EndProject
Project("{FAE04EC0-301F-11D3-BF4B-00C04F79EFBC}") = "EFWCoreLib.WebApiFrame", "EFWCoreLib.WebApiFrame\EFWCoreLib.WebApiFrame.csproj", "{8A8F5236-E865-415A-90C5-8BCE3BA7FE07}"
EndProject
Project("{FAE04EC0-301F-11D3-BF4B-00C04F79EFBC}") = "EFWCoreLib.TestFrame", "EFWCoreLib.TestFrame\EFWCoreLib.TestFrame.csproj", "{9A4255ED-D431-4BE9-8E47-97A6770B3329}"
EndProject
Project("{FAE04EC0-301F-11D3-BF4B-00C04F79EFBC}") = "efwplusServer", "efwplusServer\efwplusServer.csproj", "{AC7B7A34-EE66-4983-A968-C3A4B3B713AB}"
EndProject
Project("{FAE04EC0-301F-11D3-BF4B-00C04F79EFBC}") = "efwplusClient", "efwplusClient\efwplusClient.csproj", "{C44C4A05-FDFF-4E07-A30E-8C1C153EE84C}"
EndProject
Global
	GlobalSection(SolutionConfigurationPlatforms) = preSolution
		Debug|Any CPU = Debug|Any CPU
		Release|Any CPU = Release|Any CPU
	EndGlobalSection
	GlobalSection(ProjectConfigurationPlatforms) = postSolution
		{B3F41C24-1A64-4995-9398-812789014BD7}.Debug|Any CPU.ActiveCfg = Debug|Any CPU
		{B3F41C24-1A64-4995-9398-812789014BD7}.Debug|Any CPU.Build.0 = Debug|Any CPU
		{B3F41C24-1A64-4995-9398-812789014BD7}.Release|Any CPU.ActiveCfg = Release|Any CPU
		{B3F41C24-1A64-4995-9398-812789014BD7}.Release|Any CPU.Build.0 = Release|Any CPU
		{CACAFDBF-9B17-403A-A3CA-C123A94E2C19}.Debug|Any CPU.ActiveCfg = Debug|Any CPU
		{CACAFDBF-9B17-403A-A3CA-C123A94E2C19}.Debug|Any CPU.Build.0 = Debug|Any CPU
		{CACAFDBF-9B17-403A-A3CA-C123A94E2C19}.Release|Any CPU.ActiveCfg = Release|Any CPU
		{CACAFDBF-9B17-403A-A3CA-C123A94E2C19}.Release|Any CPU.Build.0 = Release|Any CPU
		{9B1989B8-07A7-46CC-B196-56A085C22DD6}.Debug|Any CPU.ActiveCfg = Debug|Any CPU
		{9B1989B8-07A7-46CC-B196-56A085C22DD6}.Debug|Any CPU.Build.0 = Debug|Any CPU
		{9B1989B8-07A7-46CC-B196-56A085C22DD6}.Release|Any CPU.ActiveCfg = Release|Any CPU
		{9B1989B8-07A7-46CC-B196-56A085C22DD6}.Release|Any CPU.Build.0 = Release|Any CPU
		{03596414-2345-4BBA-994B-90EEF4DEC428}.Debug|Any CPU.ActiveCfg = Debug|Any CPU
		{03596414-2345-4BBA-994B-90EEF4DEC428}.Debug|Any CPU.Build.0 = Debug|Any CPU
		{03596414-2345-4BBA-994B-90EEF4DEC428}.Release|Any CPU.ActiveCfg = Release|Any CPU
		{03596414-2345-4BBA-994B-90EEF4DEC428}.Release|Any CPU.Build.0 = Release|Any CPU
		{8A8F5236-E865-415A-90C5-8BCE3BA7FE07}.Debug|Any CPU.ActiveCfg = Debug|Any CPU
		{8A8F5236-E865-415A-90C5-8BCE3BA7FE07}.Debug|Any CPU.Build.0 = Debug|Any CPU
		{8A8F5236-E865-415A-90C5-8BCE3BA7FE07}.Release|Any CPU.ActiveCfg = Release|Any CPU
		{8A8F5236-E865-415A-90C5-8BCE3BA7FE07}.Release|Any CPU.Build.0 = Release|Any CPU
		{9A4255ED-D431-4BE9-8E47-97A6770B3329}.Debug|Any CPU.ActiveCfg = Debug|Any CPU
		{9A4255ED-D431-4BE9-8E47-97A6770B3329}.Debug|Any CPU.Build.0 = Debug|Any CPU
		{9A4255ED-D431-4BE9-8E47-97A6770B3329}.Release|Any CPU.ActiveCfg = Release|Any CPU
		{9A4255ED-D431-4BE9-8E47-97A6770B3329}.Release|Any CPU.Build.0 = Release|Any CPU
		{AC7B7A34-EE66-4983-A968-C3A4B3B713AB}.Debug|Any CPU.ActiveCfg = Debug|Any CPU
		{AC7B7A34-EE66-4983-A968-C3A4B3B713AB}.Debug|Any CPU.Build.0 = Debug|Any CPU
		{AC7B7A34-EE66-4983-A968-C3A4B3B713AB}.Release|Any CPU.ActiveCfg = Release|Any CPU
		{AC7B7A34-EE66-4983-A968-C3A4B3B713AB}.Release|Any CPU.Build.0 = Release|Any CPU
		{C44C4A05-FDFF-4E07-A30E-8C1C153EE84C}.Debug|Any CPU.ActiveCfg = Debug|Any CPU
		{C44C4A05-FDFF-4E07-A30E-8C1C153EE84C}.Debug|Any CPU.Build.0 = Debug|Any CPU
		{C44C4A05-FDFF-4E07-A30E-8C1C153EE84C}.Release|Any CPU.ActiveCfg = Release|Any CPU
		{C44C4A05-FDFF-4E07-A30E-8C1C153EE84C}.Release|Any CPU.Build.0 = Release|Any CPU
	EndGlobalSection
	GlobalSection(SolutionProperties) = preSolution
		HideSolutionNode = FALSE
	EndGlobalSection
EndGlobal
